// !$*UTF8*$!
{
	archiveVersion = 1;
	classes = {
	};
	objectVersion = 46;
	objects = {

/* Begin PBXBuildFile section */
		F569DC471B01856100245F6E /* StackObject.h in Headers */ = {isa = PBXBuildFile; fileRef = F569DC461B01856100245F6E /* StackObject.h */; settings = {ATTRIBUTES = (Public, ); }; };
		F569DC4D1B01856100245F6E /* StackObject.framework in Frameworks */ = {isa = PBXBuildFile; fileRef = F569DC411B01856100245F6E /* StackObject.framework */; };
		F569DC541B01856100245F6E /* StackObjectTests.m in Sources */ = {isa = PBXBuildFile; fileRef = F569DC531B01856100245F6E /* StackObjectTests.m */; };
		F569DC5E1B01857A00245F6E /* StackObject.m in Sources */ = {isa = PBXBuildFile; fileRef = F569DC5D1B01857A00245F6E /* StackObject.m */; settings = {COMPILER_FLAGS = "-fno-objc-arc"; }; };
		F569DCC01B0260AB00245F6E /* CustomZones.framework in Frameworks */ = {isa = PBXBuildFile; fileRef = F569DCBF1B0260AB00245F6E /* CustomZones.framework */; };
/* End PBXBuildFile section */

/* Begin PBXContainerItemProxy section */
		F569DC4E1B01856100245F6E /* PBXContainerItemProxy */ = {
			isa = PBXContainerItemProxy;
			containerPortal = F569DC381B01856100245F6E /* Project object */;
			proxyType = 1;
			remoteGlobalIDString = F569DC401B01856100245F6E;
			remoteInfo = StackObject;
		};
/* End PBXContainerItemProxy section */

/* Begin PBXFileReference section */
		F569DC411B01856100245F6E /* StackObject.framework */ = {isa = PBXFileReference; explicitFileType = wrapper.framework; includeInIndex = 0; path = StackObject.framework; sourceTree = BUILT_PRODUCTS_DIR; };
		F569DC451B01856100245F6E /* Info.plist */ = {isa = PBXFileReference; lastKnownFileType = text.plist.xml; path = Info.plist; sourceTree = "<group>"; };
		F569DC461B01856100245F6E /* StackObject.h */ = {isa = PBXFileReference; lastKnownFileType = sourcecode.c.h; path = StackObject.h; sourceTree = "<group>"; };
		F569DC4C1B01856100245F6E /* StackObjectTests.xctest */ = {isa = PBXFileReference; explicitFileType = wrapper.cfbundle; includeInIndex = 0; path = StackObjectTests.xctest; sourceTree = BUILT_PRODUCTS_DIR; };
		F569DC521B01856100245F6E /* Info.plist */ = {isa = PBXFileReference; lastKnownFileType = text.plist.xml; path = Info.plist; sourceTree = "<group>"; };
		F569DC531B01856100245F6E /* StackObjectTests.m */ = {isa = PBXFileReference; lastKnownFileType = sourcecode.c.objc; path = StackObjectTests.m; sourceTree = "<group>"; };
		F569DC5D1B01857A00245F6E /* StackObject.m */ = {isa = PBXFileReference; fileEncoding = 4; lastKnownFileType = sourcecode.c.objc; path = StackObject.m; sourceTree = "<group>"; };
		F569DCBF1B0260AB00245F6E /* CustomZones.framework */ = {isa = PBXFileReference; lastKnownFileType = wrapper.framework; name = CustomZones.framework; path = "../../../../Library/Developer/Xcode/DerivedData/CustomZones-dvubbpncoleyjyajlpzfsshrkrwh/Build/Products/Debug/CustomZones.framework"; sourceTree = "<group>"; };
/* End PBXFileReference section */

/* Begin PBXFrameworksBuildPhase section */
		F569DC3D1B01856100245F6E /* Frameworks */ = {
			isa = PBXFrameworksBuildPhase;
			buildActionMask = 2147483647;
			files = (
				F569DCC01B0260AB00245F6E /* CustomZones.framework in Frameworks */,
			);
			runOnlyForDeploymentPostprocessing = 0;
		};
		F569DC491B01856100245F6E /* Frameworks */ = {
			isa = PBXFrameworksBuildPhase;
			buildActionMask = 2147483647;
			files = (
				F569DC4D1B01856100245F6E /* StackObject.framework in Frameworks */,
			);
			runOnlyForDeploymentPostprocessing = 0;
		};
/* End PBXFrameworksBuildPhase section */

/* Begin PBXGroup section */
		F569DC371B01856100245F6E = {
			isa = PBXGroup;
			children = (
				F569DCBF1B0260AB00245F6E /* CustomZones.framework */,
				F569DC431B01856100245F6E /* StackObject */,
				F569DC501B01856100245F6E /* StackObjectTests */,
				F569DC421B01856100245F6E /* Products */,
			);
			sourceTree = "<group>";
		};
		F569DC421B01856100245F6E /* Products */ = {
			isa = PBXGroup;
			children = (
				F569DC411B01856100245F6E /* StackObject.framework */,
				F569DC4C1B01856100245F6E /* StackObjectTests.xctest */,
			);
			name = Products;
			sourceTree = "<group>";
		};
		F569DC431B01856100245F6E /* StackObject */ = {
			isa = PBXGroup;
			children = (
				F569DC461B01856100245F6E /* StackObject.h */,
				F569DC5D1B01857A00245F6E /* StackObject.m */,
				F569DC441B01856100245F6E /* Supporting Files */,
			);
			path = StackObject;
			sourceTree = "<group>";
		};
		F569DC441B01856100245F6E /* Supporting Files */ = {
			isa = PBXGroup;
			children = (
				F569DC451B01856100245F6E /* Info.plist */,
			);
			name = "Supporting Files";
			sourceTree = "<group>";
		};
		F569DC501B01856100245F6E /* StackObjectTests */ = {
			isa = PBXGroup;
			children = (
				F569DC531B01856100245F6E /* StackObjectTests.m */,
				F569DC511B01856100245F6E /* Supporting Files */,
			);
			path = StackObjectTests;
			sourceTree = "<group>";
		};
		F569DC511B01856100245F6E /* Supporting Files */ = {
			isa = PBXGroup;
			children = (
				F569DC521B01856100245F6E /* Info.plist */,
			);
			name = "Supporting Files";
			sourceTree = "<group>";
		};
/* End PBXGroup section */

/* Begin PBXHeadersBuildPhase section */
		F569DC3E1B01856100245F6E /* Headers */ = {
			isa = PBXHeadersBuildPhase;
			buildActionMask = 2147483647;
			files = (
				F569DC471B01856100245F6E /* StackObject.h in Headers */,
			);
			runOnlyForDeploymentPostprocessing = 0;
		};
/* End PBXHeadersBuildPhase section */

/* Begin PBXNativeTarget section */
		F569DC401B01856100245F6E /* StackObject */ = {
			isa = PBXNativeTarget;
			buildConfigurationList = F569DC571B01856100245F6E /* Build configuration list for PBXNativeTarget "StackObject" */;
			buildPhases = (
				F569DC3C1B01856100245F6E /* Sources */,
				F569DC3D1B01856100245F6E /* Frameworks */,
				F569DC3E1B01856100245F6E /* Headers */,
				F569DC3F1B01856100245F6E /* Resources */,
			);
			buildRules = (
			);
			dependencies = (
			);
			name = StackObject;
			productName = StackObject;
			productReference = F569DC411B01856100245F6E /* StackObject.framework */;
			productType = "com.apple.product-type.framework";
		};
		F569DC4B1B01856100245F6E /* StackObjectTests */ = {
			isa = PBXNativeTarget;
			buildConfigurationList = F569DC5A1B01856100245F6E /* Build configuration list for PBXNativeTarget "StackObjectTests" */;
			buildPhases = (
				F569DC481B01856100245F6E /* Sources */,
				F569DC491B01856100245F6E /* Frameworks */,
				F569DC4A1B01856100245F6E /* Resources */,
			);
			buildRules = (
			);
			dependencies = (
				F569DC4F1B01856100245F6E /* PBXTargetDependency */,
			);
			name = StackObjectTests;
			productName = StackObjectTests;
			productReference = F569DC4C1B01856100245F6E /* StackObjectTests.xctest */;
			productType = "com.apple.product-type.bundle.unit-test";
		};
/* End PBXNativeTarget section */

/* Begin PBXProject section */
		F569DC381B01856100245F6E /* Project object */ = {
			isa = PBXProject;
			attributes = {
				LastUpgradeCheck = 0630;
				TargetAttributes = {
					F569DC401B01856100245F6E = {
						CreatedOnToolsVersion = 6.3.1;
					};
					F569DC4B1B01856100245F6E = {
						CreatedOnToolsVersion = 6.3.1;
					};
				};
			};
			buildConfigurationList = F569DC3B1B01856100245F6E /* Build configuration list for PBXProject "StackObject" */;
			compatibilityVersion = "Xcode 3.2";
			developmentRegion = English;
			hasScannedForEncodings = 0;
			knownRegions = (
				en,
			);
			mainGroup = F569DC371B01856100245F6E;
			productRefGroup = F569DC421B01856100245F6E /* Products */;
			projectDirPath = "";
			projectRoot = "";
			targets = (
				F569DC401B01856100245F6E /* StackObject */,
				F569DC4B1B01856100245F6E /* StackObjectTests */,
			);
		};
/* End PBXProject section */

/* Begin PBXResourcesBuildPhase section */
		F569DC3F1B01856100245F6E /* Resources */ = {
			isa = PBXResourcesBuildPhase;
			buildActionMask = 2147483647;
			files = (
			);
			runOnlyForDeploymentPostprocessing = 0;
		};
		F569DC4A1B01856100245F6E /* Resources */ = {
			isa = PBXResourcesBuildPhase;
			buildActionMask = 2147483647;
			files = (
			);
			runOnlyForDeploymentPostprocessing = 0;
		};
/* End PBXResourcesBuildPhase section */

/* Begin PBXSourcesBuildPhase section */
		F569DC3C1B01856100245F6E /* Sources */ = {
			isa = PBXSourcesBuildPhase;
			buildActionMask = 2147483647;
			files = (
				F569DC5E1B01857A00245F6E /* StackObject.m in Sources */,
			);
			runOnlyForDeploymentPostprocessing = 0;
		};
		F569DC481B01856100245F6E /* Sources */ = {
			isa = PBXSourcesBuildPhase;
			buildActionMask = 2147483647;
			files = (
				F569DC541B01856100245F6E /* StackObjectTests.m in Sources */,
			);
			runOnlyForDeploymentPostprocessing = 0;
		};
/* End PBXSourcesBuildPhase section */

/* Begin PBXTargetDependency section */
		F569DC4F1B01856100245F6E /* PBXTargetDependency */ = {
			isa = PBXTargetDependency;
			target = F569DC401B01856100245F6E /* StackObject */;
			targetProxy = F569DC4E1B01856100245F6E /* PBXContainerItemProxy */;
		};
/* End PBXTargetDependency section */

/* Begin XCBuildConfiguration section */
		F569DC551B01856100245F6E /* Debug */ = {
			isa = XCBuildConfiguration;
			buildSettings = {
				ALWAYS_SEARCH_USER_PATHS = NO;
				CLANG_CXX_LANGUAGE_STANDARD = "gnu++0x";
				CLANG_CXX_LIBRARY = "libc++";
				CLANG_ENABLE_MODULES = YES;
				CLANG_ENABLE_OBJC_ARC = YES;
				CLANG_WARN_BOOL_CONVERSION = YES;
				CLANG_WARN_CONSTANT_CONVERSION = YES;
				CLANG_WARN_DIRECT_OBJC_ISA_USAGE = YES_ERROR;
				CLANG_WARN_EMPTY_BODY = YES;
				CLANG_WARN_ENUM_CONVERSION = YES;
				CLANG_WARN_INT_CONVERSION = YES;
				CLANG_WARN_OBJC_ROOT_CLASS = YES_ERROR;
				CLANG_WARN_UNREACHABLE_CODE = YES;
				CLANG_WARN__DUPLICATE_METHOD_MATCH = YES;
				COPY_PHASE_STRIP = NO;
				CURRENT_PROJECT_VERSION = 1;
				DEBUG_INFORMATION_FORMAT = dwarf;
				ENABLE_STRICT_OBJC_MSGSEND = YES;
				GCC_C_LANGUAGE_STANDARD = gnu99;
				GCC_DYNAMIC_NO_PIC = NO;
				GCC_NO_COMMON_BLOCKS = YES;
				GCC_OPTIMIZATION_LEVEL = 0;
				GCC_PREPROCESSOR_DEFINITIONS = (
					"DEBUG=1",
					"$(inherited)",
				);
				GCC_SYMBOLS_PRIVATE_EXTERN = NO;
				GCC_WARN_64_TO_32_BIT_CONVERSION = YES;
				GCC_WARN_ABOUT_RETURN_TYPE = YES_ERROR;
				GCC_WARN_UNDECLARED_SELECTOR = YES;
				GCC_WARN_UNINITIALIZED_AUTOS = YES_AGGRESSIVE;
				GCC_WARN_UNUSED_FUNCTION = YES;
				GCC_WARN_UNUSED_VARIABLE = YES;
				MACOSX_DEPLOYMENT_TARGET = 10.10;
				MTL_ENABLE_DEBUG_INFO = YES;
				ONLY_ACTIVE_ARCH = YES;
				SDKROOT = macosx;
				VERSIONING_SYSTEM = "apple-generic";
				VERSION_INFO_PREFIX = "";
			};
			name = Debug;
		};
		F569DC561B01856100245F6E /* Release */ = {
			isa = XCBuildConfiguration;
			buildSettings = {
				ALWAYS_SEARCH_USER_PATHS = NO;
				CLANG_CXX_LANGUAGE_STANDARD = "gnu++0x";
				CLANG_CXX_LIBRARY = "libc++";
				CLANG_ENABLE_MODULES = YES;
				CLANG_ENABLE_OBJC_ARC = YES;
				CLANG_WARN_BOOL_CONVERSION = YES;
				CLANG_WARN_CONSTANT_CONVERSION = YES;
				CLANG_WARN_DIRECT_OBJC_ISA_USAGE = YES_ERROR;
				CLANG_WARN_EMPTY_BODY = YES;
				CLANG_WARN_ENUM_CONVERSION = YES;
				CLANG_WARN_INT_CONVERSION = YES;
				CLANG_WARN_OBJC_ROOT_CLASS = YES_ERROR;
				CLANG_WARN_UNREACHABLE_CODE = YES;
				CLANG_WARN__DUPLICATE_METHOD_MATCH = YES;
				COPY_PHASE_STRIP = NO;
				CURRENT_PROJECT_VERSION = 1;
				DEBUG_INFORMATION_FORMAT = "dwarf-with-dsym";
				ENABLE_NS_ASSERTIONS = NO;
				ENABLE_STRICT_OBJC_MSGSEND = YES;
				GCC_C_LANGUAGE_STANDARD = gnu99;
				GCC_NO_COMMON_BLOCKS = YES;
				GCC_WARN_64_TO_32_BIT_CONVERSION = YES;
				GCC_WARN_ABOUT_RETURN_TYPE = YES_ERROR;
				GCC_WARN_UNDECLARED_SELECTOR = YES;
				GCC_WARN_UNINITIALIZED_AUTOS = YES_AGGRESSIVE;
				GCC_WARN_UNUSED_FUNCTION = YES;
				GCC_WARN_UNUSED_VARIABLE = YES;
				MACOSX_DEPLOYMENT_TARGET = 10.10;
				MTL_ENABLE_DEBUG_INFO = NO;
				SDKROOT = macosx;
				VERSIONING_SYSTEM = "apple-generic";
				VERSION_INFO_PREFIX = "";
			};
			name = Release;
		};
		F569DC581B01856100245F6E /* Debug */ = {
			isa = XCBuildConfiguration;
			buildSettings = {
				COMBINE_HIDPI_IMAGES = YES;
				DEFINES_MODULE = YES;
				DYLIB_COMPATIBILITY_VERSION = 1;
				DYLIB_CURRENT_VERSION = 1;
				DYLIB_INSTALL_NAME_BASE = "@rpath";
				FRAMEWORK_SEARCH_PATHS = (
					"$(inherited)",
					"$(USER_LIBRARY_DIR)/Developer/Xcode/DerivedData/CustomZones-dvubbpncoleyjyajlpzfsshrkrwh/Build/Products/Debug",
				);
				FRAMEWORK_VERSION = A;
				INFOPLIST_FILE = StackObject/Info.plist;
				INSTALL_PATH = "$(LOCAL_LIBRARY_DIR)/Frameworks";
				LD_RUNPATH_SEARCH_PATHS = "$(inherited) @executable_path/../Frameworks @loader_path/Frameworks";
				PRODUCT_NAME = "$(TARGET_NAME)";
				SKIP_INSTALL = YES;
			};
			name = Debug;
		};
		F569DC591B01856100245F6E /* Release */ = {
			isa = XCBuildConfiguration;
			buildSettings = {
				COMBINE_HIDPI_IMAGES = YES;
				DEFINES_MODULE = YES;
				DYLIB_COMPATIBILITY_VERSION = 1;
				DYLIB_CURRENT_VERSION = 1;
				DYLIB_INSTALL_NAME_BASE = "@rpath";
				FRAMEWORK_SEARCH_PATHS = (
					"$(inherited)",
					"$(USER_LIBRARY_DIR)/Developer/Xcode/DerivedData/CustomZones-dvubbpncoleyjyajlpzfsshrkrwh/Build/Products/Debug",
				);
				FRAMEWORK_VERSION = A;
				INFOPLIST_FILE = StackObject/Info.plist;
				INSTALL_PATH = "$(LOCAL_LIBRARY_DIR)/Frameworks";
				LD_RUNPATH_SEARCH_PATHS = "$(inherited) @executable_path/../Frameworks @loader_path/Frameworks";
				PRODUCT_NAME = "$(TARGET_NAME)";
				SKIP_INSTALL = YES;
			};
			name = Release;
		};
		F569DC5B1B01856100245F6E /* Debug */ = {
			isa = XCBuildConfiguration;
			buildSettings = {
				COMBINE_HIDPI_IMAGES = YES;
				FRAMEWORK_SEARCH_PATHS = (
					"$(DEVELOPER_FRAMEWORKS_DIR)",
					"$(inherited)",
				);
				GCC_PREPROCESSOR_DEFINITIONS = (
					"DEBUG=1",
					"$(inherited)",
				);
				INFOPLIST_FILE = StackObjectTests/Info.plist;
				LD_RUNPATH_SEARCH_PATHS = "$(inherited) @executable_path/../Frameworks @loader_path/../Frameworks";
				PRODUCT_NAME = "$(TARGET_NAME)";
			};
			name = Debug;
		};
		F569DC5C1B01856100245F6E /* Release */ = {
			isa = XCBuildConfiguration;
			buildSettings = {
				COMBINE_HIDPI_IMAGES = YES;
				FRAMEWORK_SEARCH_PATHS = (
					"$(DEVELOPER_FRAMEWORKS_DIR)",
					"$(inherited)",
				);
				INFOPLIST_FILE = StackObjectTests/Info.plist;
				LD_RUNPATH_SEARCH_PATHS = "$(inherited) @executable_path/../Frameworks @loader_path/../Frameworks";
				PRODUCT_NAME = "$(TARGET_NAME)";
			};
			name = Release;
		};
/* End XCBuildConfiguration section */

/* Begin XCConfigurationList section */
		F569DC3B1B01856100245F6E /* Build configuration list for PBXProject "StackObject" */ = {
			isa = XCConfigurationList;
			buildConfigurations = (
				F569DC551B01856100245F6E /* Debug */,
				F569DC561B01856100245F6E /* Release */,
			);
			defaultConfigurationIsVisible = 0;
			defaultConfigurationName = Release;
		};
		F569DC571B01856100245F6E /* Build configuration list for PBXNativeTarget "StackObject" */ = {
			isa = XCConfigurationList;
			buildConfigurations = (
				F569DC581B01856100245F6E /* Debug */,
				F569DC591B01856100245F6E /* Release */,
			);
			defaultConfigurationIsVisible = 0;
			defaultConfigurationName = Release;
		};
		F569DC5A1B01856100245F6E /* Build configuration list for PBXNativeTarget "StackObjectTests" */ = {
			isa = XCConfigurationList;
			buildConfigurations = (
				F569DC5B1B01856100245F6E /* Debug */,
				F569DC5C1B01856100245F6E /* Release */,
			);
			defaultConfigurationIsVisible = 0;
			defaultConfigurationName = Release;
		};
/* End XCConfigurationList section */
	};
	rootObject = F569DC381B01856100245F6E /* Project object */;
}
